
Microsoft Visual Studio Solution File, Format Version 12.00
# Visual Studio 15
VisualStudioVersion = 15.0.34112.143
MinimumVisualStudioVersion = 10.0.40219.1
Project("{8BC9CEB8-8B4A-11D0-8D11-00A0C91BC942}") = "4.28", "4.28\4.28.vcxproj", "{1AF3AF18-AE8F-4A16-B06D-60D3025B014D}"
EndProject
Global
	GlobalSection(SolutionConfigurationPlatforms) = preSolution
		Debug|x64 = Debug|x64
		Debug|x86 = Debug|x86
		Release|x64 = Release|x64
		Release|x86 = Release|x86
	EndGlobalSection
	GlobalSection(ProjectConfigurationPlatforms) = postSolution
		{1AF3AF18-AE8F-4A16-B06D-60D3025B014D}.Debug|x64.ActiveCfg = Debug|x64
		{1AF3AF18-AE8F-4A16-B06D-60D3025B014D}.Debug|x64.Build.0 = Debug|x64
		{1AF3AF18-AE8F-4A16-B06D-60D3025B014D}.Debug|x86.ActiveCfg = Debug|Win32
		{1AF3AF18-AE8F-4A16-B06D-60D3025B014D}.Debug|x86.Build.0 = Debug|Win32
		{1AF3AF18-AE8F-4A16-B06D-60D3025B014D}.Release|x64.ActiveCfg = Release|x64
		{1AF3AF18-AE8F-4A16-B06D-60D3025B014D}.Release|x64.Build.0 = Release|x64
		{1AF3AF18-AE8F-4A16-B06D-60D3025B014D}.Release|x86.ActiveCfg = Release|Win32
		{1AF3AF18-AE8F-4A16-B06D-60D3025B014D}.Release|x86.Build.0 = Release|Win32
	EndGlobalSection
	GlobalSection(SolutionProperties) = preSolution
		HideSolutionNode = FALSE
	EndGlobalSection
	GlobalSection(ExtensibilityGlobals) = postSolution
		SolutionGuid = {41EF56CA-D24D-46F2-86E2-B5E7F9DAC72C}
	EndGlobalSection
EndGlobal
